
Microsoft Visual Studio Solution File, Format Version 12.00
# Visual Studio Version 17
VisualStudioVersion = 17.11.35327.3
MinimumVisualStudioVersion = 10.0.40219.1
Project("{2150E333-8FDC-42A3-9474-1A3956D46DE8}") = "1. Layers", "1. Layers", "{1E0DCEE5-A269-44FA-998B-31AE286302E7}"
EndProject
Project("{2150E333-8FDC-42A3-9474-1A3956D46DE8}") = "1.1. Presentation", "1.1. Presentation", "{56297F1E-8CF0-4426-9EF2-3C68C36B3E6A}"
EndProject
Project("{2150E333-8FDC-42A3-9474-1A3956D46DE8}") = "1.2. Application", "1.2. Application", "{2F8DB1C3-31D3-44F4-9155-A1649308506E}"
EndProject
Project("{2150E333-8FDC-42A3-9474-1A3956D46DE8}") = "1.3. Distributed Services", "1.3. Distributed Services", "{EC27E86A-D580-4E10-AA66-7026A7A2B369}"
EndProject
Project("{2150E333-8FDC-42A3-9474-1A3956D46DE8}") = "1.4. Infraestructure", "1.4. Infraestructure", "{5683E531-3DAE-4996-839A-6A2C073332AD}"
EndProject
Project("{2150E333-8FDC-42A3-9474-1A3956D46DE8}") = "1.5. Domain", "1.5. Domain", "{E693812F-4437-4CCC-9333-9E94DC105A3A}"
EndProject
Project("{2150E333-8FDC-42A3-9474-1A3956D46DE8}") = "1.6. Utilites", "1.6. Utilites", "{411500F5-92F5-413A-BBCA-D2FD1A1AA0FD}"
EndProject
Project("{FAE04EC0-301F-11D3-BF4B-00C04F79EFBC}") = "Application", "Application\Application.csproj", "{DDDA5B25-8C3A-4C73-8041-DA8CF60F66AF}"
EndProject
Project("{FAE04EC0-301F-11D3-BF4B-00C04F79EFBC}") = "Infraestructure", "Infraestructure\Infraestructure.csproj", "{B95B309D-EB22-4091-A49E-D3878E93E973}"
EndProject
Project("{FAE04EC0-301F-11D3-BF4B-00C04F79EFBC}") = "Utilities", "Utilities\Utilities.csproj", "{00018B6F-FE2B-437F-AED5-13A44F110B47}"
EndProject
Project("{FAE04EC0-301F-11D3-BF4B-00C04F79EFBC}") = "Domain", "Domain\Domain.csproj", "{1B8B266E-A905-4F0C-BEE0-9AB3BADF1033}"
EndProject
Project("{FAE04EC0-301F-11D3-BF4B-00C04F79EFBC}") = "DistributedServices", "DistributedServices\DistributedServices.csproj", "{F74B03D2-DEC1-4D2E-925B-85AA6A532EF4}"
EndProject
Project("{2150E333-8FDC-42A3-9474-1A3956D46DE8}") = "1.1.1. Service", "1.1.1. Service", "{DBDACB08-93E5-4F17-B3ED-834E5E465DB8}"
EndProject
Project("{2150E333-8FDC-42A3-9474-1A3956D46DE8}") = "1.1.2. Web Application", "1.1.2. Web Application", "{3FFE0D04-7E71-4BB7-8564-57ACF37DD871}"
EndProject
Project("{FAE04EC0-301F-11D3-BF4B-00C04F79EFBC}") = "MS_CalculadoraFisica", "MS_CalculadoraFisica\MS_CalculadoraFisica.csproj", "{73659F64-0B35-4C60-A835-142DBCDED92A}"
EndProject
Project("{FAE04EC0-301F-11D3-BF4B-00C04F79EFBC}") = "WebApplication", "WebApplication\WebApplication.csproj", "{2F30ADAF-8319-4C38-B55F-AC2EFFF48ADB}"
EndProject
Global
	GlobalSection(SolutionConfigurationPlatforms) = preSolution
		Debug|Any CPU = Debug|Any CPU
		Release|Any CPU = Release|Any CPU
	EndGlobalSection
	GlobalSection(ProjectConfigurationPlatforms) = postSolution
		{DDDA5B25-8C3A-4C73-8041-DA8CF60F66AF}.Debug|Any CPU.ActiveCfg = Debug|Any CPU
		{DDDA5B25-8C3A-4C73-8041-DA8CF60F66AF}.Debug|Any CPU.Build.0 = Debug|Any CPU
		{DDDA5B25-8C3A-4C73-8041-DA8CF60F66AF}.Release|Any CPU.ActiveCfg = Release|Any CPU
		{DDDA5B25-8C3A-4C73-8041-DA8CF60F66AF}.Release|Any CPU.Build.0 = Release|Any CPU
		{B95B309D-EB22-4091-A49E-D3878E93E973}.Debug|Any CPU.ActiveCfg = Debug|Any CPU
		{B95B309D-EB22-4091-A49E-D3878E93E973}.Debug|Any CPU.Build.0 = Debug|Any CPU
		{B95B309D-EB22-4091-A49E-D3878E93E973}.Release|Any CPU.ActiveCfg = Release|Any CPU
		{B95B309D-EB22-4091-A49E-D3878E93E973}.Release|Any CPU.Build.0 = Release|Any CPU
		{00018B6F-FE2B-437F-AED5-13A44F110B47}.Debug|Any CPU.ActiveCfg = Debug|Any CPU
		{00018B6F-FE2B-437F-AED5-13A44F110B47}.Debug|Any CPU.Build.0 = Debug|Any CPU
		{00018B6F-FE2B-437F-AED5-13A44F110B47}.Release|Any CPU.ActiveCfg = Release|Any CPU
		{00018B6F-FE2B-437F-AED5-13A44F110B47}.Release|Any CPU.Build.0 = Release|Any CPU
		{1B8B266E-A905-4F0C-BEE0-9AB3BADF1033}.Debug|Any CPU.ActiveCfg = Debug|Any CPU
		{1B8B266E-A905-4F0C-BEE0-9AB3BADF1033}.Debug|Any CPU.Build.0 = Debug|Any CPU
		{1B8B266E-A905-4F0C-BEE0-9AB3BADF1033}.Release|Any CPU.ActiveCfg = Release|Any CPU
		{1B8B266E-A905-4F0C-BEE0-9AB3BADF1033}.Release|Any CPU.Build.0 = Release|Any CPU
		{F74B03D2-DEC1-4D2E-925B-85AA6A532EF4}.Debug|Any CPU.ActiveCfg = Debug|Any CPU
		{F74B03D2-DEC1-4D2E-925B-85AA6A532EF4}.Debug|Any CPU.Build.0 = Debug|Any CPU
		{F74B03D2-DEC1-4D2E-925B-85AA6A532EF4}.Release|Any CPU.ActiveCfg = Release|Any CPU
		{F74B03D2-DEC1-4D2E-925B-85AA6A532EF4}.Release|Any CPU.Build.0 = Release|Any CPU
		{73659F64-0B35-4C60-A835-142DBCDED92A}.Debug|Any CPU.ActiveCfg = Debug|Any CPU
		{73659F64-0B35-4C60-A835-142DBCDED92A}.Debug|Any CPU.Build.0 = Debug|Any CPU
		{73659F64-0B35-4C60-A835-142DBCDED92A}.Release|Any CPU.ActiveCfg = Release|Any CPU
		{73659F64-0B35-4C60-A835-142DBCDED92A}.Release|Any CPU.Build.0 = Release|Any CPU
		{2F30ADAF-8319-4C38-B55F-AC2EFFF48ADB}.Debug|Any CPU.ActiveCfg = Debug|Any CPU
		{2F30ADAF-8319-4C38-B55F-AC2EFFF48ADB}.Debug|Any CPU.Build.0 = Debug|Any CPU
		{2F30ADAF-8319-4C38-B55F-AC2EFFF48ADB}.Release|Any CPU.ActiveCfg = Release|Any CPU
		{2F30ADAF-8319-4C38-B55F-AC2EFFF48ADB}.Release|Any CPU.Build.0 = Release|Any CPU
	EndGlobalSection
	GlobalSection(SolutionProperties) = preSolution
		HideSolutionNode = FALSE
	EndGlobalSection
	GlobalSection(NestedProjects) = preSolution
		{56297F1E-8CF0-4426-9EF2-3C68C36B3E6A} = {1E0DCEE5-A269-44FA-998B-31AE286302E7}
		{2F8DB1C3-31D3-44F4-9155-A1649308506E} = {1E0DCEE5-A269-44FA-998B-31AE286302E7}
		{EC27E86A-D580-4E10-AA66-7026A7A2B369} = {1E0DCEE5-A269-44FA-998B-31AE286302E7}
		{5683E531-3DAE-4996-839A-6A2C073332AD} = {1E0DCEE5-A269-44FA-998B-31AE286302E7}
		{E693812F-4437-4CCC-9333-9E94DC105A3A} = {1E0DCEE5-A269-44FA-998B-31AE286302E7}
		{411500F5-92F5-413A-BBCA-D2FD1A1AA0FD} = {1E0DCEE5-A269-44FA-998B-31AE286302E7}
		{DDDA5B25-8C3A-4C73-8041-DA8CF60F66AF} = {2F8DB1C3-31D3-44F4-9155-A1649308506E}
		{B95B309D-EB22-4091-A49E-D3878E93E973} = {5683E531-3DAE-4996-839A-6A2C073332AD}
		{00018B6F-FE2B-437F-AED5-13A44F110B47} = {411500F5-92F5-413A-BBCA-D2FD1A1AA0FD}
		{1B8B266E-A905-4F0C-BEE0-9AB3BADF1033} = {E693812F-4437-4CCC-9333-9E94DC105A3A}
		{F74B03D2-DEC1-4D2E-925B-85AA6A532EF4} = {EC27E86A-D580-4E10-AA66-7026A7A2B369}
		{DBDACB08-93E5-4F17-B3ED-834E5E465DB8} = {56297F1E-8CF0-4426-9EF2-3C68C36B3E6A}
		{3FFE0D04-7E71-4BB7-8564-57ACF37DD871} = {56297F1E-8CF0-4426-9EF2-3C68C36B3E6A}
		{73659F64-0B35-4C60-A835-142DBCDED92A} = {DBDACB08-93E5-4F17-B3ED-834E5E465DB8}
		{2F30ADAF-8319-4C38-B55F-AC2EFFF48ADB} = {3FFE0D04-7E71-4BB7-8564-57ACF37DD871}
	EndGlobalSection
	GlobalSection(ExtensibilityGlobals) = postSolution
		SolutionGuid = {BE059E3D-C236-4C11-8423-3B87DBD17230}
	EndGlobalSection
EndGlobal
